
Microsoft Visual Studio Solution File, Format Version 12.00
# Visual Studio Version 16
VisualStudioVersion = 16.0.30907.101
MinimumVisualStudioVersion = 10.0.40219.1
Project("{FAE04EC0-301F-11D3-BF4B-00C04F79EFBC}") = "Tool", "Tool.csproj", "{FFDB89C0-C1AE-4760-ADA4-7B14EBF42F55}"
EndProject
Global
	GlobalSection(SolutionConfigurationPlatforms) = preSolution
		Debug|Any CPU = Debug|Any CPU
		Release|Any CPU = Release|Any CPU
	EndGlobalSection
	GlobalSection(ProjectConfigurationPlatforms) = postSolution
		{FFDB89C0-C1AE-4760-ADA4-7B14EBF42F55}.Debug|Any CPU.ActiveCfg = Debug|Any CPU
		{FFDB89C0-C1AE-4760-ADA4-7B14EBF42F55}.Debug|Any CPU.Build.0 = Debug|Any CPU
		{FFDB89C0-C1AE-4760-ADA4-7B14EBF42F55}.Release|Any CPU.ActiveCfg = Release|Any CPU
		{FFDB89C0-C1AE-4760-ADA4-7B14EBF42F55}.Release|Any CPU.Build.0 = Release|Any CPU
	EndGlobalSection
	GlobalSection(SolutionProperties) = preSolution
		HideSolutionNode = FALSE
	EndGlobalSection
	GlobalSection(ExtensibilityGlobals) = postSolution
		SolutionGuid = {FB559B8F-FDF0-4E4C-B405-DD24F04580FC}
	EndGlobalSection
EndGlobal
